
Microsoft Visual Studio Solution File, Format Version 12.00
# Visual Studio Version 16
VisualStudioVersion = 16.0.30330.147
MinimumVisualStudioVersion = 10.0.40219.1
Project("{FAE04EC0-301F-11D3-BF4B-00C04F79EFBC}") = "RS41Decoder", "RS41Decoder.csproj", "{F72DB8C4-8EF0-430B-99BE-5A8D36E1C2D6}"
EndProject
Global
	GlobalSection(SolutionConfigurationPlatforms) = preSolution
		Debug|Any CPU = Debug|Any CPU
		Release|Any CPU = Release|Any CPU
	EndGlobalSection
	GlobalSection(ProjectConfigurationPlatforms) = postSolution
		{F72DB8C4-8EF0-430B-99BE-5A8D36E1C2D6}.Debug|Any CPU.ActiveCfg = Debug|Any CPU
		{F72DB8C4-8EF0-430B-99BE-5A8D36E1C2D6}.Debug|Any CPU.Build.0 = Debug|Any CPU
		{F72DB8C4-8EF0-430B-99BE-5A8D36E1C2D6}.Release|Any CPU.ActiveCfg = Release|Any CPU
		{F72DB8C4-8EF0-430B-99BE-5A8D36E1C2D6}.Release|Any CPU.Build.0 = Release|Any CPU
	EndGlobalSection
	GlobalSection(SolutionProperties) = preSolution
		HideSolutionNode = FALSE
	EndGlobalSection
	GlobalSection(ExtensibilityGlobals) = postSolution
		SolutionGuid = {EC63C625-05A5-412B-BF64-EFEDC01D6CE3}
	EndGlobalSection
EndGlobal
